
Microsoft Visual Studio Solution File, Format Version 12.00
# Visual Studio Version 17
VisualStudioVersion = 17.8.34316.72
MinimumVisualStudioVersion = 10.0.40219.1
Project("{9A19103F-16F7-4668-BE54-9A1E7A4F7556}") = "Bulk Log Comparison Tool", "DPS Log Comparison Tool\Bulk Log Comparison Tool.csproj", "{201332F2-21D2-4A5B-9501-00BF0436FC42}"
EndProject
Project("{FAE04EC0-301F-11D3-BF4B-00C04F79EFBC}") = "Bulk Log Comparison Tool Frontend", "Bulk Log Comparison Tool Frontend\Bulk Log Comparison Tool Frontend.csproj", "{FCD38AD3-339D-4E53-85BD-995A0B38FC4C}"
EndProject
Project("{FAE04EC0-301F-11D3-BF4B-00C04F79EFBC}") = "Bulk Log Comparison Tool Tests", "Bulk Log Comparison Tool Tests\Bulk Log Comparison Tool Tests.csproj", "{92DFCA7B-6972-4841-A4D2-E8DEA94520B0}"
	ProjectSection(ProjectDependencies) = postProject
		{201332F2-21D2-4A5B-9501-00BF0436FC42} = {201332F2-21D2-4A5B-9501-00BF0436FC42}
	EndProjectSection
EndProject
Global
	GlobalSection(SolutionConfigurationPlatforms) = preSolution
		Debug|Any CPU = Debug|Any CPU
		Release|Any CPU = Release|Any CPU
	EndGlobalSection
	GlobalSection(ProjectConfigurationPlatforms) = postSolution
		{201332F2-21D2-4A5B-9501-00BF0436FC42}.Debug|Any CPU.ActiveCfg = Debug|Any CPU
		{201332F2-21D2-4A5B-9501-00BF0436FC42}.Debug|Any CPU.Build.0 = Debug|Any CPU
		{201332F2-21D2-4A5B-9501-00BF0436FC42}.Release|Any CPU.ActiveCfg = Release|Any CPU
		{201332F2-21D2-4A5B-9501-00BF0436FC42}.Release|Any CPU.Build.0 = Release|Any CPU
		{FCD38AD3-339D-4E53-85BD-995A0B38FC4C}.Debug|Any CPU.ActiveCfg = Debug|Any CPU
		{FCD38AD3-339D-4E53-85BD-995A0B38FC4C}.Debug|Any CPU.Build.0 = Debug|Any CPU
		{FCD38AD3-339D-4E53-85BD-995A0B38FC4C}.Release|Any CPU.ActiveCfg = Release|Any CPU
		{FCD38AD3-339D-4E53-85BD-995A0B38FC4C}.Release|Any CPU.Build.0 = Release|Any CPU
		{92DFCA7B-6972-4841-A4D2-E8DEA94520B0}.Debug|Any CPU.ActiveCfg = Debug|Any CPU
		{92DFCA7B-6972-4841-A4D2-E8DEA94520B0}.Debug|Any CPU.Build.0 = Debug|Any CPU
		{92DFCA7B-6972-4841-A4D2-E8DEA94520B0}.Release|Any CPU.ActiveCfg = Release|Any CPU
		{92DFCA7B-6972-4841-A4D2-E8DEA94520B0}.Release|Any CPU.Build.0 = Release|Any CPU
	EndGlobalSection
	GlobalSection(SolutionProperties) = preSolution
		HideSolutionNode = FALSE
	EndGlobalSection
	GlobalSection(ExtensibilityGlobals) = postSolution
		SolutionGuid = {2293C3C6-9B6B-4680-8C2D-9C69609FFB05}
	EndGlobalSection
EndGlobal
