
Microsoft Visual Studio Solution File, Format Version 12.00
# Visual Studio Version 17
VisualStudioVersion = 17.8.34316.72
MinimumVisualStudioVersion = 10.0.40219.1
Project("{9A19103F-16F7-4668-BE54-9A1E7A4F7556}") = "Bulk Log Comparison Tool", "DPS Log Comparison Tool\Bulk Log Comparison Tool.csproj", "{201332F2-21D2-4A5B-9501-00BF0436FC42}"
EndProject
Project("{9A19103F-16F7-4668-BE54-9A1E7A4F7556}") = "Bulk Log Comparison Tool Frontend", "Bulk Log Comparison Tool Frontend\Bulk Log Comparison Tool Frontend.csproj", "{37925C82-8218-4167-857E-CEF9D5080DF8}"
EndProject
Project("{9A19103F-16F7-4668-BE54-9A1E7A4F7556}") = "BLCTWeb", "BLTCWeb\BLTCWeb\BLCTWeb.csproj", "{C797EAFA-5714-4AC1-9818-8FD6BC8FF4F7}"
EndProject
Project("{9A19103F-16F7-4668-BE54-9A1E7A4F7556}") = "BLCTWeb.Client", "BLTCWeb\BLTCWeb.Client\BLCTWeb.Client.csproj", "{F5EF592C-A0E9-4831-BCEB-0E7C8ABCCF4E}"
EndProject
Global
	GlobalSection(SolutionConfigurationPlatforms) = preSolution
		Debug|Any CPU = Debug|Any CPU
		Release|Any CPU = Release|Any CPU
	EndGlobalSection
	GlobalSection(ProjectConfigurationPlatforms) = postSolution
		{201332F2-21D2-4A5B-9501-00BF0436FC42}.Debug|Any CPU.ActiveCfg = Debug|Any CPU
		{201332F2-21D2-4A5B-9501-00BF0436FC42}.Debug|Any CPU.Build.0 = Debug|Any CPU
		{201332F2-21D2-4A5B-9501-00BF0436FC42}.Release|Any CPU.ActiveCfg = Release|Any CPU
		{201332F2-21D2-4A5B-9501-00BF0436FC42}.Release|Any CPU.Build.0 = Release|Any CPU
		{37925C82-8218-4167-857E-CEF9D5080DF8}.Debug|Any CPU.ActiveCfg = Debug|Any CPU
		{37925C82-8218-4167-857E-CEF9D5080DF8}.Debug|Any CPU.Build.0 = Debug|Any CPU
		{37925C82-8218-4167-857E-CEF9D5080DF8}.Release|Any CPU.ActiveCfg = Release|Any CPU
		{37925C82-8218-4167-857E-CEF9D5080DF8}.Release|Any CPU.Build.0 = Release|Any CPU
		{C797EAFA-5714-4AC1-9818-8FD6BC8FF4F7}.Debug|Any CPU.ActiveCfg = Debug|Any CPU
		{C797EAFA-5714-4AC1-9818-8FD6BC8FF4F7}.Debug|Any CPU.Build.0 = Debug|Any CPU
		{C797EAFA-5714-4AC1-9818-8FD6BC8FF4F7}.Release|Any CPU.ActiveCfg = Release|Any CPU
		{C797EAFA-5714-4AC1-9818-8FD6BC8FF4F7}.Release|Any CPU.Build.0 = Release|Any CPU
		{F5EF592C-A0E9-4831-BCEB-0E7C8ABCCF4E}.Debug|Any CPU.ActiveCfg = Debug|Any CPU
		{F5EF592C-A0E9-4831-BCEB-0E7C8ABCCF4E}.Debug|Any CPU.Build.0 = Debug|Any CPU
		{F5EF592C-A0E9-4831-BCEB-0E7C8ABCCF4E}.Release|Any CPU.ActiveCfg = Release|Any CPU
		{F5EF592C-A0E9-4831-BCEB-0E7C8ABCCF4E}.Release|Any CPU.Build.0 = Release|Any CPU
	EndGlobalSection
	GlobalSection(SolutionProperties) = preSolution
		HideSolutionNode = FALSE
	EndGlobalSection
	GlobalSection(ExtensibilityGlobals) = postSolution
		SolutionGuid = {2293C3C6-9B6B-4680-8C2D-9C69609FFB05}
	EndGlobalSection
EndGlobal
